
Microsoft Visual Studio Solution File, Format Version 12.00
# Visual Studio 14
VisualStudioVersion = 14.0.23107.0
MinimumVisualStudioVersion = 10.0.40219.1
Project("{FAE04EC0-301F-11D3-BF4B-00C04F79EFBC}") = "pylon4net", "pylon4net.csproj", "{A18AB658-CDBF-4D0C-B351-3D5A002BEDE4}"
EndProject
Project("{FAE04EC0-301F-11D3-BF4B-00C04F79EFBC}") = "pylon4netTests", "..\pylon4netTests\pylon4netTests.csproj", "{2E5C7617-15C1-4A3C-AF38-779E3EE04A1F}"
EndProject
Global
	GlobalSection(SolutionConfigurationPlatforms) = preSolution
		Debug|Any CPU = Debug|Any CPU
		Release|Any CPU = Release|Any CPU
	EndGlobalSection
	GlobalSection(ProjectConfigurationPlatforms) = postSolution
		{A18AB658-CDBF-4D0C-B351-3D5A002BEDE4}.Debug|Any CPU.ActiveCfg = Debug|Any CPU
		{A18AB658-CDBF-4D0C-B351-3D5A002BEDE4}.Debug|Any CPU.Build.0 = Debug|Any CPU
		{A18AB658-CDBF-4D0C-B351-3D5A002BEDE4}.Release|Any CPU.ActiveCfg = Release|Any CPU
		{A18AB658-CDBF-4D0C-B351-3D5A002BEDE4}.Release|Any CPU.Build.0 = Release|Any CPU
		{2E5C7617-15C1-4A3C-AF38-779E3EE04A1F}.Debug|Any CPU.ActiveCfg = Debug|Any CPU
		{2E5C7617-15C1-4A3C-AF38-779E3EE04A1F}.Debug|Any CPU.Build.0 = Debug|Any CPU
		{2E5C7617-15C1-4A3C-AF38-779E3EE04A1F}.Release|Any CPU.ActiveCfg = Release|Any CPU
		{2E5C7617-15C1-4A3C-AF38-779E3EE04A1F}.Release|Any CPU.Build.0 = Release|Any CPU
	EndGlobalSection
	GlobalSection(SolutionProperties) = preSolution
		HideSolutionNode = FALSE
	EndGlobalSection
EndGlobal
